# THIS IS AN AUTOGENERATED FILE. DO NOT EDIT THIS FILE DIRECTLY.
# yarn lockfile v1


jquery@>=1.8.3, jquery@^3.2.1:
  version "3.2.1"
  resolved "https://registry.yarnpkg.com/jquery/-/jquery-3.2.1.tgz#5c4d9de652af6cd0a770154a631bba12b015c787"

owl.carousel@^2.2.0:
  version "2.2.0"
  resolved "https://registry.yarnpkg.com/owl.carousel/-/owl.carousel-2.2.0.tgz#f3598d01e60757bc107b2b3c61231b1140cf360c"
  dependencies:
    jquery ">=1.8.3"
