# THIS IS AN AUTOGENERATED FILE. DO NOT EDIT THIS FILE DIRECTLY.
# yarn lockfile v1


jquery@>=1.8.3, jquery@^3.5.0:
  version "3.5.0"
  resolved "https://registry.yarnpkg.com/jquery/-/jquery-3.5.0.tgz#9980b97d9e4194611c36530e7dc46a58d7340fc9"

owl.carousel@^2.2.0:
  version "2.2.0"
  resolved "https://registry.yarnpkg.com/owl.carousel/-/owl.carousel-2.2.0.tgz#f3598d01e60757bc107b2b3c61231b1140cf360c"
  dependencies:
    jquery ">=1.8.3"
